
Microsoft Visual Studio Solution File, Format Version 12.00
# Visual Studio 15
VisualStudioVersion = 15.0.26730.10
MinimumVisualStudioVersion = 10.0.40219.1
Project("{FAE04EC0-301F-11D3-BF4B-00C04F79EFBC}") = "BotPYRBasico", "BotPYRBasico\BotPYRBasico.csproj", "{72940E2F-9523-409B-8A17-CE687227048A}"
EndProject
Global
	GlobalSection(SolutionConfigurationPlatforms) = preSolution
		Debug|Any CPU = Debug|Any CPU
		Release|Any CPU = Release|Any CPU
	EndGlobalSection
	GlobalSection(ProjectConfigurationPlatforms) = postSolution
		{72940E2F-9523-409B-8A17-CE687227048A}.Debug|Any CPU.ActiveCfg = Debug|Any CPU
		{72940E2F-9523-409B-8A17-CE687227048A}.Debug|Any CPU.Build.0 = Debug|Any CPU
		{72940E2F-9523-409B-8A17-CE687227048A}.Release|Any CPU.ActiveCfg = Release|Any CPU
		{72940E2F-9523-409B-8A17-CE687227048A}.Release|Any CPU.Build.0 = Release|Any CPU
	EndGlobalSection
	GlobalSection(SolutionProperties) = preSolution
		HideSolutionNode = FALSE
	EndGlobalSection
	GlobalSection(ExtensibilityGlobals) = postSolution
		SolutionGuid = {61FA212B-9B1B-4AA0-98DC-1576061FE920}
	EndGlobalSection
EndGlobal
